
Microsoft Visual Studio Solution File, Format Version 12.00
# Visual Studio Version 16
VisualStudioVersion = 16.0.31702.278
MinimumVisualStudioVersion = 10.0.40219.1
Project("{FAE04EC0-301F-11D3-BF4B-00C04F79EFBC}") = "test", "test\test.csproj", "{37A58D5A-E6CF-4872-8DA3-2CDFB803B08F}"
EndProject
Global
	GlobalSection(SolutionConfigurationPlatforms) = preSolution
		Debug|Any CPU = Debug|Any CPU
		Release|Any CPU = Release|Any CPU
	EndGlobalSection
	GlobalSection(ProjectConfigurationPlatforms) = postSolution
		{37A58D5A-E6CF-4872-8DA3-2CDFB803B08F}.Debug|Any CPU.ActiveCfg = Debug|Any CPU
		{37A58D5A-E6CF-4872-8DA3-2CDFB803B08F}.Debug|Any CPU.Build.0 = Debug|Any CPU
		{37A58D5A-E6CF-4872-8DA3-2CDFB803B08F}.Release|Any CPU.ActiveCfg = Release|Any CPU
		{37A58D5A-E6CF-4872-8DA3-2CDFB803B08F}.Release|Any CPU.Build.0 = Release|Any CPU
	EndGlobalSection
	GlobalSection(SolutionProperties) = preSolution
		HideSolutionNode = FALSE
	EndGlobalSection
	GlobalSection(ExtensibilityGlobals) = postSolution
		SolutionGuid = {1D9ADE49-3ECA-4063-9323-7F253A16239B}
	EndGlobalSection
EndGlobal
